
Microsoft Visual Studio Solution File, Format Version 12.00
# Visual Studio Version 17
VisualStudioVersion = 17.9.34607.119
MinimumVisualStudioVersion = 10.0.40219.1
Project("{FAE04EC0-301F-11D3-BF4B-00C04F79EFBC}") = "Amada_Activity", "Amada_Activity\Amada_Activity.csproj", "{DFFAAF60-6094-48CD-B2FB-BE85E4B2AFD8}"
EndProject
Global
	GlobalSection(SolutionConfigurationPlatforms) = preSolution
		Debug|Any CPU = Debug|Any CPU
		Release|Any CPU = Release|Any CPU
	EndGlobalSection
	GlobalSection(ProjectConfigurationPlatforms) = postSolution
		{DFFAAF60-6094-48CD-B2FB-BE85E4B2AFD8}.Debug|Any CPU.ActiveCfg = Debug|Any CPU
		{DFFAAF60-6094-48CD-B2FB-BE85E4B2AFD8}.Debug|Any CPU.Build.0 = Debug|Any CPU
		{DFFAAF60-6094-48CD-B2FB-BE85E4B2AFD8}.Release|Any CPU.ActiveCfg = Release|Any CPU
		{DFFAAF60-6094-48CD-B2FB-BE85E4B2AFD8}.Release|Any CPU.Build.0 = Release|Any CPU
	EndGlobalSection
	GlobalSection(SolutionProperties) = preSolution
		HideSolutionNode = FALSE
	EndGlobalSection
	GlobalSection(ExtensibilityGlobals) = postSolution
		SolutionGuid = {4967BCA2-239B-40DD-B157-56E1C8F29DF1}
	EndGlobalSection
EndGlobal
